
Microsoft Visual Studio Solution File, Format Version 12.00
# Visual Studio Version 16
VisualStudioVersion = 16.0.29424.173
MinimumVisualStudioVersion = 10.0.40219.1
Project("{FAE04EC0-301F-11D3-BF4B-00C04F79EFBC}") = "nagyonhek", "nagyonhek\nagyonhek.csproj", "{99C40874-DC89-4C64-AF38-595EA6872E93}"
EndProject
Global
	GlobalSection(SolutionConfigurationPlatforms) = preSolution
		Debug|Any CPU = Debug|Any CPU
		Release|Any CPU = Release|Any CPU
	EndGlobalSection
	GlobalSection(ProjectConfigurationPlatforms) = postSolution
		{99C40874-DC89-4C64-AF38-595EA6872E93}.Debug|Any CPU.ActiveCfg = Debug|Any CPU
		{99C40874-DC89-4C64-AF38-595EA6872E93}.Debug|Any CPU.Build.0 = Debug|Any CPU
		{99C40874-DC89-4C64-AF38-595EA6872E93}.Release|Any CPU.ActiveCfg = Release|Any CPU
		{99C40874-DC89-4C64-AF38-595EA6872E93}.Release|Any CPU.Build.0 = Release|Any CPU
	EndGlobalSection
	GlobalSection(SolutionProperties) = preSolution
		HideSolutionNode = FALSE
	EndGlobalSection
	GlobalSection(ExtensibilityGlobals) = postSolution
		SolutionGuid = {F53B2A31-FE15-4F1C-BD6F-2C394CBF7667}
	EndGlobalSection
EndGlobal
